
Microsoft Visual Studio Solution File, Format Version 12.00
# Visual Studio 2013
VisualStudioVersion = 12.0.30501.0
MinimumVisualStudioVersion = 10.0.40219.1
Project("{FAE04EC0-301F-11D3-BF4B-00C04F79EFBC}") = "StickyEventsWeb", "StickyEventsWeb\StickyEventsWeb.csproj", "{AC352574-421E-499E-96A1-27574F9F2FE3}"
EndProject
Project("{FAE04EC0-301F-11D3-BF4B-00C04F79EFBC}") = "StickyEventsWeb.Tests", "StickyEventsWeb.Tests\StickyEventsWeb.Tests.csproj", "{8AFD8BF9-DF1A-4E7F-808F-9B63067C5DB5}"
EndProject
Project("{FAE04EC0-301F-11D3-BF4B-00C04F79EFBC}") = "StickyEventsDomain", "StickyEventsDomain\StickyEventsDomain.csproj", "{C0B27FB1-B777-4E6A-B904-E4C6DC6BCC39}"
EndProject
Global
	GlobalSection(SolutionConfigurationPlatforms) = preSolution
		Debug|Any CPU = Debug|Any CPU
		Release|Any CPU = Release|Any CPU
	EndGlobalSection
	GlobalSection(ProjectConfigurationPlatforms) = postSolution
		{AC352574-421E-499E-96A1-27574F9F2FE3}.Debug|Any CPU.ActiveCfg = Debug|Any CPU
		{AC352574-421E-499E-96A1-27574F9F2FE3}.Debug|Any CPU.Build.0 = Debug|Any CPU
		{AC352574-421E-499E-96A1-27574F9F2FE3}.Release|Any CPU.ActiveCfg = Release|Any CPU
		{AC352574-421E-499E-96A1-27574F9F2FE3}.Release|Any CPU.Build.0 = Release|Any CPU
		{8AFD8BF9-DF1A-4E7F-808F-9B63067C5DB5}.Debug|Any CPU.ActiveCfg = Debug|Any CPU
		{8AFD8BF9-DF1A-4E7F-808F-9B63067C5DB5}.Debug|Any CPU.Build.0 = Debug|Any CPU
		{8AFD8BF9-DF1A-4E7F-808F-9B63067C5DB5}.Release|Any CPU.ActiveCfg = Release|Any CPU
		{8AFD8BF9-DF1A-4E7F-808F-9B63067C5DB5}.Release|Any CPU.Build.0 = Release|Any CPU
		{C0B27FB1-B777-4E6A-B904-E4C6DC6BCC39}.Debug|Any CPU.ActiveCfg = Debug|Any CPU
		{C0B27FB1-B777-4E6A-B904-E4C6DC6BCC39}.Debug|Any CPU.Build.0 = Debug|Any CPU
		{C0B27FB1-B777-4E6A-B904-E4C6DC6BCC39}.Release|Any CPU.ActiveCfg = Release|Any CPU
		{C0B27FB1-B777-4E6A-B904-E4C6DC6BCC39}.Release|Any CPU.Build.0 = Release|Any CPU
	EndGlobalSection
	GlobalSection(SolutionProperties) = preSolution
		HideSolutionNode = FALSE
	EndGlobalSection
EndGlobal
